
Microsoft Visual Studio Solution File, Format Version 12.00
# Visual Studio 15
VisualStudioVersion = 15.0.28307.539
MinimumVisualStudioVersion = 10.0.40219.1
Project("{FAE04EC0-301F-11D3-BF4B-00C04F79EFBC}") = "Construtores e Overloads", "Construtores e Overloads\Construtores e Overloads.csproj", "{0479EAB3-20CD-4330-B8E5-BE1B41797302}"
EndProject
Global
	GlobalSection(SolutionConfigurationPlatforms) = preSolution
		Debug|Any CPU = Debug|Any CPU
		Release|Any CPU = Release|Any CPU
	EndGlobalSection
	GlobalSection(ProjectConfigurationPlatforms) = postSolution
		{0479EAB3-20CD-4330-B8E5-BE1B41797302}.Debug|Any CPU.ActiveCfg = Debug|Any CPU
		{0479EAB3-20CD-4330-B8E5-BE1B41797302}.Debug|Any CPU.Build.0 = Debug|Any CPU
		{0479EAB3-20CD-4330-B8E5-BE1B41797302}.Release|Any CPU.ActiveCfg = Release|Any CPU
		{0479EAB3-20CD-4330-B8E5-BE1B41797302}.Release|Any CPU.Build.0 = Release|Any CPU
	EndGlobalSection
	GlobalSection(SolutionProperties) = preSolution
		HideSolutionNode = FALSE
	EndGlobalSection
	GlobalSection(ExtensibilityGlobals) = postSolution
		SolutionGuid = {AD1E132C-4B43-4F6D-A6E8-496897A3CC00}
	EndGlobalSection
EndGlobal
