
Microsoft Visual Studio Solution File, Format Version 12.00
# Visual Studio 15
VisualStudioVersion = 15.0.28307.539
MinimumVisualStudioVersion = 10.0.40219.1
Project("{FAE04EC0-301F-11D3-BF4B-00C04F79EFBC}") = "PropriedadesIndexadas", "PropriedadesIndexadas\PropriedadesIndexadas.csproj", "{BB6E1172-BA83-4365-BF5A-DF1A6F337668}"
EndProject
Global
	GlobalSection(SolutionConfigurationPlatforms) = preSolution
		Debug|Any CPU = Debug|Any CPU
		Release|Any CPU = Release|Any CPU
	EndGlobalSection
	GlobalSection(ProjectConfigurationPlatforms) = postSolution
		{BB6E1172-BA83-4365-BF5A-DF1A6F337668}.Debug|Any CPU.ActiveCfg = Debug|Any CPU
		{BB6E1172-BA83-4365-BF5A-DF1A6F337668}.Debug|Any CPU.Build.0 = Debug|Any CPU
		{BB6E1172-BA83-4365-BF5A-DF1A6F337668}.Release|Any CPU.ActiveCfg = Release|Any CPU
		{BB6E1172-BA83-4365-BF5A-DF1A6F337668}.Release|Any CPU.Build.0 = Release|Any CPU
	EndGlobalSection
	GlobalSection(SolutionProperties) = preSolution
		HideSolutionNode = FALSE
	EndGlobalSection
	GlobalSection(ExtensibilityGlobals) = postSolution
		SolutionGuid = {CC5FF254-85A1-4FDF-8F4A-8252B975170F}
	EndGlobalSection
EndGlobal
