
Microsoft Visual Studio Solution File, Format Version 12.00
# Visual Studio 15
VisualStudioVersion = 15.0.28307.539
MinimumVisualStudioVersion = 10.0.40219.1
Project("{FAE04EC0-301F-11D3-BF4B-00C04F79EFBC}") = "Parametros_Opcionais", "Parametros_Opcionais\Parametros_Opcionais.csproj", "{377F7D14-8A72-4133-8687-BBEBC5104A19}"
EndProject
Global
	GlobalSection(SolutionConfigurationPlatforms) = preSolution
		Debug|Any CPU = Debug|Any CPU
		Release|Any CPU = Release|Any CPU
	EndGlobalSection
	GlobalSection(ProjectConfigurationPlatforms) = postSolution
		{377F7D14-8A72-4133-8687-BBEBC5104A19}.Debug|Any CPU.ActiveCfg = Debug|Any CPU
		{377F7D14-8A72-4133-8687-BBEBC5104A19}.Debug|Any CPU.Build.0 = Debug|Any CPU
		{377F7D14-8A72-4133-8687-BBEBC5104A19}.Release|Any CPU.ActiveCfg = Release|Any CPU
		{377F7D14-8A72-4133-8687-BBEBC5104A19}.Release|Any CPU.Build.0 = Release|Any CPU
	EndGlobalSection
	GlobalSection(SolutionProperties) = preSolution
		HideSolutionNode = FALSE
	EndGlobalSection
	GlobalSection(ExtensibilityGlobals) = postSolution
		SolutionGuid = {03AA824D-2CF2-4B41-87E1-0A3571939371}
	EndGlobalSection
EndGlobal
