
Microsoft Visual Studio Solution File, Format Version 12.00
# Visual Studio 15
VisualStudioVersion = 15.0.28307.539
MinimumVisualStudioVersion = 10.0.40219.1
Project("{FAE04EC0-301F-11D3-BF4B-00C04F79EFBC}") = "Classes de Exceptions", "Classes de Exceptions\Classes de Exceptions.csproj", "{0328B716-3F34-4D8D-BBBE-EFEC4FC4FB3B}"
EndProject
Global
	GlobalSection(SolutionConfigurationPlatforms) = preSolution
		Debug|Any CPU = Debug|Any CPU
		Release|Any CPU = Release|Any CPU
	EndGlobalSection
	GlobalSection(ProjectConfigurationPlatforms) = postSolution
		{0328B716-3F34-4D8D-BBBE-EFEC4FC4FB3B}.Debug|Any CPU.ActiveCfg = Debug|Any CPU
		{0328B716-3F34-4D8D-BBBE-EFEC4FC4FB3B}.Debug|Any CPU.Build.0 = Debug|Any CPU
		{0328B716-3F34-4D8D-BBBE-EFEC4FC4FB3B}.Release|Any CPU.ActiveCfg = Release|Any CPU
		{0328B716-3F34-4D8D-BBBE-EFEC4FC4FB3B}.Release|Any CPU.Build.0 = Release|Any CPU
	EndGlobalSection
	GlobalSection(SolutionProperties) = preSolution
		HideSolutionNode = FALSE
	EndGlobalSection
	GlobalSection(ExtensibilityGlobals) = postSolution
		SolutionGuid = {4B505855-8A2C-4716-B62D-C57416A18D88}
	EndGlobalSection
EndGlobal
