
Microsoft Visual Studio Solution File, Format Version 12.00
# Visual Studio 15
VisualStudioVersion = 15.0.28307.539
MinimumVisualStudioVersion = 10.0.40219.1
Project("{FAE04EC0-301F-11D3-BF4B-00C04F79EFBC}") = "Membros_Estáticos_E_De_Instancias", "Membros_Estáticos_E_De_Instancias\Membros_Estáticos_E_De_Instancias.csproj", "{8EE04606-DF9A-4989-A3E7-21D87C1D9BF3}"
EndProject
Global
	GlobalSection(SolutionConfigurationPlatforms) = preSolution
		Debug|Any CPU = Debug|Any CPU
		Release|Any CPU = Release|Any CPU
	EndGlobalSection
	GlobalSection(ProjectConfigurationPlatforms) = postSolution
		{8EE04606-DF9A-4989-A3E7-21D87C1D9BF3}.Debug|Any CPU.ActiveCfg = Debug|Any CPU
		{8EE04606-DF9A-4989-A3E7-21D87C1D9BF3}.Debug|Any CPU.Build.0 = Debug|Any CPU
		{8EE04606-DF9A-4989-A3E7-21D87C1D9BF3}.Release|Any CPU.ActiveCfg = Release|Any CPU
		{8EE04606-DF9A-4989-A3E7-21D87C1D9BF3}.Release|Any CPU.Build.0 = Release|Any CPU
	EndGlobalSection
	GlobalSection(SolutionProperties) = preSolution
		HideSolutionNode = FALSE
	EndGlobalSection
	GlobalSection(ExtensibilityGlobals) = postSolution
		SolutionGuid = {FE786D2C-1588-49D1-8D09-EE0FB78DF41E}
	EndGlobalSection
EndGlobal
