
Microsoft Visual Studio Solution File, Format Version 12.00
# Visual Studio 15
VisualStudioVersion = 15.0.28307.539
MinimumVisualStudioVersion = 10.0.40219.1
Project("{FAE04EC0-301F-11D3-BF4B-00C04F79EFBC}") = "Expression Bodies(Lambda)", "Expression Bodies(Lambda)\Expression Bodies(Lambda).csproj", "{1F57D6E7-087A-4548-AA20-EC56F773D1DC}"
EndProject
Global
	GlobalSection(SolutionConfigurationPlatforms) = preSolution
		Debug|Any CPU = Debug|Any CPU
		Release|Any CPU = Release|Any CPU
	EndGlobalSection
	GlobalSection(ProjectConfigurationPlatforms) = postSolution
		{1F57D6E7-087A-4548-AA20-EC56F773D1DC}.Debug|Any CPU.ActiveCfg = Debug|Any CPU
		{1F57D6E7-087A-4548-AA20-EC56F773D1DC}.Debug|Any CPU.Build.0 = Debug|Any CPU
		{1F57D6E7-087A-4548-AA20-EC56F773D1DC}.Release|Any CPU.ActiveCfg = Release|Any CPU
		{1F57D6E7-087A-4548-AA20-EC56F773D1DC}.Release|Any CPU.Build.0 = Release|Any CPU
	EndGlobalSection
	GlobalSection(SolutionProperties) = preSolution
		HideSolutionNode = FALSE
	EndGlobalSection
	GlobalSection(ExtensibilityGlobals) = postSolution
		SolutionGuid = {A0401911-6FB4-4E12-A12F-587998F28AF1}
	EndGlobalSection
EndGlobal
