
Microsoft Visual Studio Solution File, Format Version 12.00
# Visual Studio 15
VisualStudioVersion = 15.0.28307.539
MinimumVisualStudioVersion = 10.0.40219.1
Project("{FAE04EC0-301F-11D3-BF4B-00C04F79EFBC}") = "Metodos Assessores", "Metodos Assessores\Metodos Assessores.csproj", "{5DBDCC1E-535C-49C4-85D0-8E1C52CF7D86}"
EndProject
Global
	GlobalSection(SolutionConfigurationPlatforms) = preSolution
		Debug|Any CPU = Debug|Any CPU
		Release|Any CPU = Release|Any CPU
	EndGlobalSection
	GlobalSection(ProjectConfigurationPlatforms) = postSolution
		{5DBDCC1E-535C-49C4-85D0-8E1C52CF7D86}.Debug|Any CPU.ActiveCfg = Debug|Any CPU
		{5DBDCC1E-535C-49C4-85D0-8E1C52CF7D86}.Debug|Any CPU.Build.0 = Debug|Any CPU
		{5DBDCC1E-535C-49C4-85D0-8E1C52CF7D86}.Release|Any CPU.ActiveCfg = Release|Any CPU
		{5DBDCC1E-535C-49C4-85D0-8E1C52CF7D86}.Release|Any CPU.Build.0 = Release|Any CPU
	EndGlobalSection
	GlobalSection(SolutionProperties) = preSolution
		HideSolutionNode = FALSE
	EndGlobalSection
	GlobalSection(ExtensibilityGlobals) = postSolution
		SolutionGuid = {F9FF5BE4-952E-4890-B218-741229095C5C}
	EndGlobalSection
EndGlobal
